{
    "requires": true,
    "lockfileVersion": 1,
    "dependencies": {
        "create-next-app": {
            "version": "14.0.3",
            "resolved": "https://registry.npmjs.org/create-next-app/-/create-next-app-14.0.3.tgz",
            "integrity": "sha512-tz7IDsYtGrfM0KjuwmvPpNR/Dmwds+IiBvBjk+NvgxFZJZw4WIn+TZU7u7ELt5ABGQ6pUt068SDlIcCFfDb89w=="
        }
    }
}
